{
  "name": "ytdlp-node-sync",
  "version": "1.0.0",
  "lockfileVersion": 3,
  "requires": true,
  "packages": {
    "": {
      "name": "ytdlp-node-sync",
      "version": "1.0.0",
      "license": "ISC",
      "dependencies": {
        "id3-parser": "^2.0.0",
        "p-limit": "^4.0.0",
        "toml": "^3.0.0"
      }
    },
    "node_modules/id3-parser": {
      "version": "2.0.0",
      "resolved": "https://registry.npmjs.org/id3-parser/-/id3-parser-2.0.0.tgz",
      "integrity": "sha512-bkGeAtUX70rC9sq2mjzIrkmPZjUsGuqCjZKGFJnugKXqYVDuJgfWDa8MehUZaCqlkoCaXkYevYeaRxkHOJsv9w==",
      "dependencies": {
        "promise-a-plus": "^0.7.0"
      },
      "engines": {
        "node": ">=0.10.0"
      }
    },
    "node_modules/p-limit": {
      "version": "4.0.0",
      "resolved": "https://registry.npmjs.org/p-limit/-/p-limit-4.0.0.tgz",
      "integrity": "sha512-5b0R4txpzjPWVw/cXXUResoD4hb6U/x9BH08L7nw+GN1sezDzPdxeRvpc9c433fZhBan/wusjbCsqwqm4EIBIQ==",
      "dependencies": {
        "yocto-queue": "^1.0.0"
      },
      "engines": {
        "node": "^12.20.0 || ^14.13.1 || >=16.0.0"
      },
      "funding": {
        "url": "https://github.com/sponsors/sindresorhus"
      }
    },
    "node_modules/promise-a-plus": {
      "version": "0.7.0",
      "resolved": "https://registry.npmjs.org/promise-a-plus/-/promise-a-plus-0.7.0.tgz",
      "integrity": "sha512-cWbWdSKaHiNGWP3aUSAq5nkZFYL1A6glTMgGc/LpFZ6DEJ5FRXzu7T2k4mmi+cD/R5EJ9DHHzWezXnO1IMPb5w==",
      "engines": {
        "node": ">= 0.8.0"
      }
    },
    "node_modules/toml": {
      "version": "3.0.0",
      "resolved": "https://registry.npmjs.org/toml/-/toml-3.0.0.tgz",
      "integrity": "sha512-y/mWCZinnvxjTKYhJ+pYxwD0mRLVvOtdS2Awbgxln6iEnt4rk0yBxeSBHkGJcPucRiG0e55mwWp+g/05rsrd6w=="
    },
    "node_modules/yocto-queue": {
      "version": "1.0.0",
      "resolved": "https://registry.npmjs.org/yocto-queue/-/yocto-queue-1.0.0.tgz",
      "integrity": "sha512-9bnSc/HEW2uRy67wc+T8UwauLuPJVn28jb+GtJY16iiKWyvmYJRXVT4UamsAEGQfPohgr2q4Tq0sQbQlxTfi1g==",
      "engines": {
        "node": ">=12.20"
      },
      "funding": {
        "url": "https://github.com/sponsors/sindresorhus"
      }
    }
  }
}
